
Microsoft Visual Studio Solution File, Format Version 12.00
# Visual Studio Version 17
VisualStudioVersion = 17.2.32630.192
MinimumVisualStudioVersion = 10.0.40219.1
Project("{FAE04EC0-301F-11D3-BF4B-00C04F79EFBC}") = "WEBPtoJPG_ZippedConverter", "WEBPtoJPG_ZippedConverter\WEBPtoJPG_ZippedConverter.csproj", "{6DF32573-BA91-4BAB-BC7D-079318CDCE23}"
EndProject
Global
	GlobalSection(SolutionConfigurationPlatforms) = preSolution
		Debug|Any CPU = Debug|Any CPU
		Release|Any CPU = Release|Any CPU
	EndGlobalSection
	GlobalSection(ProjectConfigurationPlatforms) = postSolution
		{6DF32573-BA91-4BAB-BC7D-079318CDCE23}.Debug|Any CPU.ActiveCfg = Debug|Any CPU
		{6DF32573-BA91-4BAB-BC7D-079318CDCE23}.Debug|Any CPU.Build.0 = Debug|Any CPU
		{6DF32573-BA91-4BAB-BC7D-079318CDCE23}.Release|Any CPU.ActiveCfg = Release|Any CPU
		{6DF32573-BA91-4BAB-BC7D-079318CDCE23}.Release|Any CPU.Build.0 = Release|Any CPU
	EndGlobalSection
	GlobalSection(SolutionProperties) = preSolution
		HideSolutionNode = FALSE
	EndGlobalSection
	GlobalSection(ExtensibilityGlobals) = postSolution
		SolutionGuid = {22522E24-B92E-440E-BD9C-762787EEE31F}
	EndGlobalSection
EndGlobal
